
Microsoft Visual Studio Solution File, Format Version 12.00
# Visual Studio Version 16
VisualStudioVersion = 16.0.31409.214
MinimumVisualStudioVersion = 10.0.40219.1
Project("{9A19103F-16F7-4668-BE54-9A1E7A4F7556}") = "SupportingUtilitiesWebsite", "SupportingUtilitiesWebsite.csproj", "{88277BB8-7195-41EE-93E2-0AA1F9567B67}"
	ProjectSection(ProjectDependencies) = postProject
		{CF080B09-4A51-47EB-AE56-136B231531B2} = {CF080B09-4A51-47EB-AE56-136B231531B2}
		{FD307F8D-E9B4-476D-9291-0049486498C4} = {FD307F8D-E9B4-476D-9291-0049486498C4}
	EndProjectSection
EndProject
Project("{9A19103F-16F7-4668-BE54-9A1E7A4F7556}") = "mga_SupportingUtilities_Lib", "..\..\DevTools-mga_SupportingUtilities_Lib\mga_SupportingUtilities_Lib\mga_SupportingUtilities_Lib.csproj", "{CF080B09-4A51-47EB-AE56-136B231531B2}"
	ProjectSection(ProjectDependencies) = postProject
		{FD307F8D-E9B4-476D-9291-0049486498C4} = {FD307F8D-E9B4-476D-9291-0049486498C4}
	EndProjectSection
EndProject
Project("{9A19103F-16F7-4668-BE54-9A1E7A4F7556}") = "mga_Utils", "..\..\..\General\General-mga_Utils\mga_Utils\mga_Utils.csproj", "{FD307F8D-E9B4-476D-9291-0049486498C4}"
EndProject
Global
	GlobalSection(SolutionConfigurationPlatforms) = preSolution
		Debug|Any CPU = Debug|Any CPU
		Release|Any CPU = Release|Any CPU
	EndGlobalSection
	GlobalSection(ProjectConfigurationPlatforms) = postSolution
		{88277BB8-7195-41EE-93E2-0AA1F9567B67}.Debug|Any CPU.ActiveCfg = Debug|Any CPU
		{88277BB8-7195-41EE-93E2-0AA1F9567B67}.Debug|Any CPU.Build.0 = Debug|Any CPU
		{88277BB8-7195-41EE-93E2-0AA1F9567B67}.Release|Any CPU.ActiveCfg = Release|Any CPU
		{88277BB8-7195-41EE-93E2-0AA1F9567B67}.Release|Any CPU.Build.0 = Release|Any CPU
		{CF080B09-4A51-47EB-AE56-136B231531B2}.Debug|Any CPU.ActiveCfg = Debug|Any CPU
		{CF080B09-4A51-47EB-AE56-136B231531B2}.Debug|Any CPU.Build.0 = Debug|Any CPU
		{CF080B09-4A51-47EB-AE56-136B231531B2}.Release|Any CPU.ActiveCfg = Release|Any CPU
		{CF080B09-4A51-47EB-AE56-136B231531B2}.Release|Any CPU.Build.0 = Release|Any CPU
		{FD307F8D-E9B4-476D-9291-0049486498C4}.Debug|Any CPU.ActiveCfg = Debug|Any CPU
		{FD307F8D-E9B4-476D-9291-0049486498C4}.Debug|Any CPU.Build.0 = Debug|Any CPU
		{FD307F8D-E9B4-476D-9291-0049486498C4}.Release|Any CPU.ActiveCfg = Release|Any CPU
		{FD307F8D-E9B4-476D-9291-0049486498C4}.Release|Any CPU.Build.0 = Release|Any CPU
	EndGlobalSection
	GlobalSection(SolutionProperties) = preSolution
		HideSolutionNode = FALSE
	EndGlobalSection
	GlobalSection(ExtensibilityGlobals) = postSolution
		SolutionGuid = {AEAC3097-5D71-464D-A1A5-57AE0051ED5C}
	EndGlobalSection
EndGlobal
